
Microsoft Visual Studio Solution File, Format Version 12.00
# Visual Studio 2013
VisualStudioVersion = 12.0.30723.0
MinimumVisualStudioVersion = 10.0.40219.1
Project("{00D1A9C2-B5F0-4AF3-8072-F6C62B433612}") = "Database", "Database\Database.sqlproj", "{87B2DF3C-BA69-4CD5-B397-94D8A0C3AA20}"
EndProject
Project("{FAE04EC0-301F-11D3-BF4B-00C04F79EFBC}") = "TestConsole", "TestConsole\TestConsole.csproj", "{9AC23DDB-511F-4AFB-8AAB-379C3F865C6A}"
	ProjectSection(ProjectDependencies) = postProject
		{87B2DF3C-BA69-4CD5-B397-94D8A0C3AA20} = {87B2DF3C-BA69-4CD5-B397-94D8A0C3AA20}
	EndProjectSection
EndProject
Global
	GlobalSection(SolutionConfigurationPlatforms) = preSolution
		Debug|Any CPU = Debug|Any CPU
		Release|Any CPU = Release|Any CPU
	EndGlobalSection
	GlobalSection(ProjectConfigurationPlatforms) = postSolution
		{87B2DF3C-BA69-4CD5-B397-94D8A0C3AA20}.Debug|Any CPU.ActiveCfg = Debug|Any CPU
		{87B2DF3C-BA69-4CD5-B397-94D8A0C3AA20}.Debug|Any CPU.Build.0 = Debug|Any CPU
		{87B2DF3C-BA69-4CD5-B397-94D8A0C3AA20}.Debug|Any CPU.Deploy.0 = Debug|Any CPU
		{87B2DF3C-BA69-4CD5-B397-94D8A0C3AA20}.Release|Any CPU.ActiveCfg = Release|Any CPU
		{87B2DF3C-BA69-4CD5-B397-94D8A0C3AA20}.Release|Any CPU.Build.0 = Release|Any CPU
		{87B2DF3C-BA69-4CD5-B397-94D8A0C3AA20}.Release|Any CPU.Deploy.0 = Release|Any CPU
		{9AC23DDB-511F-4AFB-8AAB-379C3F865C6A}.Debug|Any CPU.ActiveCfg = Debug|Any CPU
		{9AC23DDB-511F-4AFB-8AAB-379C3F865C6A}.Debug|Any CPU.Build.0 = Debug|Any CPU
		{9AC23DDB-511F-4AFB-8AAB-379C3F865C6A}.Release|Any CPU.ActiveCfg = Release|Any CPU
		{9AC23DDB-511F-4AFB-8AAB-379C3F865C6A}.Release|Any CPU.Build.0 = Release|Any CPU
	EndGlobalSection
	GlobalSection(SolutionProperties) = preSolution
		HideSolutionNode = FALSE
	EndGlobalSection
EndGlobal
